
Microsoft Visual Studio Solution File, Format Version 12.00
# Visual Studio Version 17
VisualStudioVersion = 17.0.31903.59
MinimumVisualStudioVersion = 10.0.40219.1
Project("{2150E333-8FDC-42A3-9474-1A3956D46DE8}") = "src", "src", "{827E0CD3-B72D-47B6-A68D-7590B98EB39B}"
EndProject
Project("{FAE04EC0-301F-11D3-BF4B-00C04F79EFBC}") = "AegisRadar.Domain", "src\AegisRadar.Domain\AegisRadar.Domain.csproj", "{18C3FFA1-B32C-4153-A5EC-23615D121EAF}"
EndProject
Project("{FAE04EC0-301F-11D3-BF4B-00C04F79EFBC}") = "AegisRadar.Application", "src\AegisRadar.Application\AegisRadar.Application.csproj", "{7734DAC8-8911-4261-9560-6B217CF64CDA}"
EndProject
Project("{FAE04EC0-301F-11D3-BF4B-00C04F79EFBC}") = "AegisRadar.Infrastructure", "src\AegisRadar.Infrastructure\AegisRadar.Infrastructure.csproj", "{D61DCDF6-CD0C-4ECA-94BC-CD5B003EE0CE}"
EndProject
Project("{FAE04EC0-301F-11D3-BF4B-00C04F79EFBC}") = "AegisRadar.Shared", "src\AegisRadar.Shared\AegisRadar.Shared.csproj", "{E038DC1F-9216-4999-B8A2-A43BBFE8FBA3}"
EndProject
Project("{FAE04EC0-301F-11D3-BF4B-00C04F79EFBC}") = "AegisRadar.API", "src\AegisRadar.API\AegisRadar.API.csproj", "{49327A2A-28CA-4D93-BCF3-1C0E0E3F0A35}"
EndProject
Project("{FAE04EC0-301F-11D3-BF4B-00C04F79EFBC}") = "AegisRadar.Worker", "src\AegisRadar.Worker\AegisRadar.Worker.csproj", "{202D3B55-3806-4FE7-926B-89B32C7FBDAC}"
EndProject
Project("{2150E333-8FDC-42A3-9474-1A3956D46DE8}") = "tests", "tests", "{0AB3BF05-4346-4AA6-1389-037BE0695223}"
EndProject
Project("{FAE04EC0-301F-11D3-BF4B-00C04F79EFBC}") = "AegisRadar.UnitTests", "tests\AegisRadar.UnitTests\AegisRadar.UnitTests.csproj", "{CADF4562-D1F5-4458-A2CE-81BD794B0FC9}"
EndProject
Project("{FAE04EC0-301F-11D3-BF4B-00C04F79EFBC}") = "AegisRadar.IntegrationTests", "tests\AegisRadar.IntegrationTests\AegisRadar.IntegrationTests.csproj", "{1718BD54-66DC-4B26-8C81-C19886ECCF09}"
EndProject
Global
	GlobalSection(SolutionConfigurationPlatforms) = preSolution
		Debug|Any CPU = Debug|Any CPU
		Debug|x64 = Debug|x64
		Debug|x86 = Debug|x86
		Release|Any CPU = Release|Any CPU
		Release|x64 = Release|x64
		Release|x86 = Release|x86
	EndGlobalSection
	GlobalSection(ProjectConfigurationPlatforms) = postSolution
		{18C3FFA1-B32C-4153-A5EC-23615D121EAF}.Debug|Any CPU.ActiveCfg = Debug|Any CPU
		{18C3FFA1-B32C-4153-A5EC-23615D121EAF}.Debug|Any CPU.Build.0 = Debug|Any CPU
		{18C3FFA1-B32C-4153-A5EC-23615D121EAF}.Debug|x64.ActiveCfg = Debug|Any CPU
		{18C3FFA1-B32C-4153-A5EC-23615D121EAF}.Debug|x64.Build.0 = Debug|Any CPU
		{18C3FFA1-B32C-4153-A5EC-23615D121EAF}.Debug|x86.ActiveCfg = Debug|Any CPU
		{18C3FFA1-B32C-4153-A5EC-23615D121EAF}.Debug|x86.Build.0 = Debug|Any CPU
		{18C3FFA1-B32C-4153-A5EC-23615D121EAF}.Release|Any CPU.ActiveCfg = Release|Any CPU
		{18C3FFA1-B32C-4153-A5EC-23615D121EAF}.Release|Any CPU.Build.0 = Release|Any CPU
		{18C3FFA1-B32C-4153-A5EC-23615D121EAF}.Release|x64.ActiveCfg = Release|Any CPU
		{18C3FFA1-B32C-4153-A5EC-23615D121EAF}.Release|x64.Build.0 = Release|Any CPU
		{18C3FFA1-B32C-4153-A5EC-23615D121EAF}.Release|x86.ActiveCfg = Release|Any CPU
		{18C3FFA1-B32C-4153-A5EC-23615D121EAF}.Release|x86.Build.0 = Release|Any CPU
		{7734DAC8-8911-4261-9560-6B217CF64CDA}.Debug|Any CPU.ActiveCfg = Debug|Any CPU
		{7734DAC8-8911-4261-9560-6B217CF64CDA}.Debug|Any CPU.Build.0 = Debug|Any CPU
		{7734DAC8-8911-4261-9560-6B217CF64CDA}.Debug|x64.ActiveCfg = Debug|Any CPU
		{7734DAC8-8911-4261-9560-6B217CF64CDA}.Debug|x64.Build.0 = Debug|Any CPU
		{7734DAC8-8911-4261-9560-6B217CF64CDA}.Debug|x86.ActiveCfg = Debug|Any CPU
		{7734DAC8-8911-4261-9560-6B217CF64CDA}.Debug|x86.Build.0 = Debug|Any CPU
		{7734DAC8-8911-4261-9560-6B217CF64CDA}.Release|Any CPU.ActiveCfg = Release|Any CPU
		{7734DAC8-8911-4261-9560-6B217CF64CDA}.Release|Any CPU.Build.0 = Release|Any CPU
		{7734DAC8-8911-4261-9560-6B217CF64CDA}.Release|x64.ActiveCfg = Release|Any CPU
		{7734DAC8-8911-4261-9560-6B217CF64CDA}.Release|x64.Build.0 = Release|Any CPU
		{7734DAC8-8911-4261-9560-6B217CF64CDA}.Release|x86.ActiveCfg = Release|Any CPU
		{7734DAC8-8911-4261-9560-6B217CF64CDA}.Release|x86.Build.0 = Release|Any CPU
		{D61DCDF6-CD0C-4ECA-94BC-CD5B003EE0CE}.Debug|Any CPU.ActiveCfg = Debug|Any CPU
		{D61DCDF6-CD0C-4ECA-94BC-CD5B003EE0CE}.Debug|Any CPU.Build.0 = Debug|Any CPU
		{D61DCDF6-CD0C-4ECA-94BC-CD5B003EE0CE}.Debug|x64.ActiveCfg = Debug|Any CPU
		{D61DCDF6-CD0C-4ECA-94BC-CD5B003EE0CE}.Debug|x64.Build.0 = Debug|Any CPU
		{D61DCDF6-CD0C-4ECA-94BC-CD5B003EE0CE}.Debug|x86.ActiveCfg = Debug|Any CPU
		{D61DCDF6-CD0C-4ECA-94BC-CD5B003EE0CE}.Debug|x86.Build.0 = Debug|Any CPU
		{D61DCDF6-CD0C-4ECA-94BC-CD5B003EE0CE}.Release|Any CPU.ActiveCfg = Release|Any CPU
		{D61DCDF6-CD0C-4ECA-94BC-CD5B003EE0CE}.Release|Any CPU.Build.0 = Release|Any CPU
		{D61DCDF6-CD0C-4ECA-94BC-CD5B003EE0CE}.Release|x64.ActiveCfg = Release|Any CPU
		{D61DCDF6-CD0C-4ECA-94BC-CD5B003EE0CE}.Release|x64.Build.0 = Release|Any CPU
		{D61DCDF6-CD0C-4ECA-94BC-CD5B003EE0CE}.Release|x86.ActiveCfg = Release|Any CPU
		{D61DCDF6-CD0C-4ECA-94BC-CD5B003EE0CE}.Release|x86.Build.0 = Release|Any CPU
		{E038DC1F-9216-4999-B8A2-A43BBFE8FBA3}.Debug|Any CPU.ActiveCfg = Debug|Any CPU
		{E038DC1F-9216-4999-B8A2-A43BBFE8FBA3}.Debug|Any CPU.Build.0 = Debug|Any CPU
		{E038DC1F-9216-4999-B8A2-A43BBFE8FBA3}.Debug|x64.ActiveCfg = Debug|Any CPU
		{E038DC1F-9216-4999-B8A2-A43BBFE8FBA3}.Debug|x64.Build.0 = Debug|Any CPU
		{E038DC1F-9216-4999-B8A2-A43BBFE8FBA3}.Debug|x86.ActiveCfg = Debug|Any CPU
		{E038DC1F-9216-4999-B8A2-A43BBFE8FBA3}.Debug|x86.Build.0 = Debug|Any CPU
		{E038DC1F-9216-4999-B8A2-A43BBFE8FBA3}.Release|Any CPU.ActiveCfg = Release|Any CPU
		{E038DC1F-9216-4999-B8A2-A43BBFE8FBA3}.Release|Any CPU.Build.0 = Release|Any CPU
		{E038DC1F-9216-4999-B8A2-A43BBFE8FBA3}.Release|x64.ActiveCfg = Release|Any CPU
		{E038DC1F-9216-4999-B8A2-A43BBFE8FBA3}.Release|x64.Build.0 = Release|Any CPU
		{E038DC1F-9216-4999-B8A2-A43BBFE8FBA3}.Release|x86.ActiveCfg = Release|Any CPU
		{E038DC1F-9216-4999-B8A2-A43BBFE8FBA3}.Release|x86.Build.0 = Release|Any CPU
		{49327A2A-28CA-4D93-BCF3-1C0E0E3F0A35}.Debug|Any CPU.ActiveCfg = Debug|Any CPU
		{49327A2A-28CA-4D93-BCF3-1C0E0E3F0A35}.Debug|Any CPU.Build.0 = Debug|Any CPU
		{49327A2A-28CA-4D93-BCF3-1C0E0E3F0A35}.Debug|x64.ActiveCfg = Debug|Any CPU
		{49327A2A-28CA-4D93-BCF3-1C0E0E3F0A35}.Debug|x64.Build.0 = Debug|Any CPU
		{49327A2A-28CA-4D93-BCF3-1C0E0E3F0A35}.Debug|x86.ActiveCfg = Debug|Any CPU
		{49327A2A-28CA-4D93-BCF3-1C0E0E3F0A35}.Debug|x86.Build.0 = Debug|Any CPU
		{49327A2A-28CA-4D93-BCF3-1C0E0E3F0A35}.Release|Any CPU.ActiveCfg = Release|Any CPU
		{49327A2A-28CA-4D93-BCF3-1C0E0E3F0A35}.Release|Any CPU.Build.0 = Release|Any CPU
		{49327A2A-28CA-4D93-BCF3-1C0E0E3F0A35}.Release|x64.ActiveCfg = Release|Any CPU
		{49327A2A-28CA-4D93-BCF3-1C0E0E3F0A35}.Release|x64.Build.0 = Release|Any CPU
		{49327A2A-28CA-4D93-BCF3-1C0E0E3F0A35}.Release|x86.ActiveCfg = Release|Any CPU
		{49327A2A-28CA-4D93-BCF3-1C0E0E3F0A35}.Release|x86.Build.0 = Release|Any CPU
		{202D3B55-3806-4FE7-926B-89B32C7FBDAC}.Debug|Any CPU.ActiveCfg = Debug|Any CPU
		{202D3B55-3806-4FE7-926B-89B32C7FBDAC}.Debug|Any CPU.Build.0 = Debug|Any CPU
		{202D3B55-3806-4FE7-926B-89B32C7FBDAC}.Debug|x64.ActiveCfg = Debug|Any CPU
		{202D3B55-3806-4FE7-926B-89B32C7FBDAC}.Debug|x64.Build.0 = Debug|Any CPU
		{202D3B55-3806-4FE7-926B-89B32C7FBDAC}.Debug|x86.ActiveCfg = Debug|Any CPU
		{202D3B55-3806-4FE7-926B-89B32C7FBDAC}.Debug|x86.Build.0 = Debug|Any CPU
		{202D3B55-3806-4FE7-926B-89B32C7FBDAC}.Release|Any CPU.ActiveCfg = Release|Any CPU
		{202D3B55-3806-4FE7-926B-89B32C7FBDAC}.Release|Any CPU.Build.0 = Release|Any CPU
		{202D3B55-3806-4FE7-926B-89B32C7FBDAC}.Release|x64.ActiveCfg = Release|Any CPU
		{202D3B55-3806-4FE7-926B-89B32C7FBDAC}.Release|x64.Build.0 = Release|Any CPU
		{202D3B55-3806-4FE7-926B-89B32C7FBDAC}.Release|x86.ActiveCfg = Release|Any CPU
		{202D3B55-3806-4FE7-926B-89B32C7FBDAC}.Release|x86.Build.0 = Release|Any CPU
		{CADF4562-D1F5-4458-A2CE-81BD794B0FC9}.Debug|Any CPU.ActiveCfg = Debug|Any CPU
		{CADF4562-D1F5-4458-A2CE-81BD794B0FC9}.Debug|Any CPU.Build.0 = Debug|Any CPU
		{CADF4562-D1F5-4458-A2CE-81BD794B0FC9}.Debug|x64.ActiveCfg = Debug|Any CPU
		{CADF4562-D1F5-4458-A2CE-81BD794B0FC9}.Debug|x64.Build.0 = Debug|Any CPU
		{CADF4562-D1F5-4458-A2CE-81BD794B0FC9}.Debug|x86.ActiveCfg = Debug|Any CPU
		{CADF4562-D1F5-4458-A2CE-81BD794B0FC9}.Debug|x86.Build.0 = Debug|Any CPU
		{CADF4562-D1F5-4458-A2CE-81BD794B0FC9}.Release|Any CPU.ActiveCfg = Release|Any CPU
		{CADF4562-D1F5-4458-A2CE-81BD794B0FC9}.Release|Any CPU.Build.0 = Release|Any CPU
		{CADF4562-D1F5-4458-A2CE-81BD794B0FC9}.Release|x64.ActiveCfg = Release|Any CPU
		{CADF4562-D1F5-4458-A2CE-81BD794B0FC9}.Release|x64.Build.0 = Release|Any CPU
		{CADF4562-D1F5-4458-A2CE-81BD794B0FC9}.Release|x86.ActiveCfg = Release|Any CPU
		{CADF4562-D1F5-4458-A2CE-81BD794B0FC9}.Release|x86.Build.0 = Release|Any CPU
		{1718BD54-66DC-4B26-8C81-C19886ECCF09}.Debug|Any CPU.ActiveCfg = Debug|Any CPU
		{1718BD54-66DC-4B26-8C81-C19886ECCF09}.Debug|Any CPU.Build.0 = Debug|Any CPU
		{1718BD54-66DC-4B26-8C81-C19886ECCF09}.Debug|x64.ActiveCfg = Debug|Any CPU
		{1718BD54-66DC-4B26-8C81-C19886ECCF09}.Debug|x64.Build.0 = Debug|Any CPU
		{1718BD54-66DC-4B26-8C81-C19886ECCF09}.Debug|x86.ActiveCfg = Debug|Any CPU
		{1718BD54-66DC-4B26-8C81-C19886ECCF09}.Debug|x86.Build.0 = Debug|Any CPU
		{1718BD54-66DC-4B26-8C81-C19886ECCF09}.Release|Any CPU.ActiveCfg = Release|Any CPU
		{1718BD54-66DC-4B26-8C81-C19886ECCF09}.Release|Any CPU.Build.0 = Release|Any CPU
		{1718BD54-66DC-4B26-8C81-C19886ECCF09}.Release|x64.ActiveCfg = Release|Any CPU
		{1718BD54-66DC-4B26-8C81-C19886ECCF09}.Release|x64.Build.0 = Release|Any CPU
		{1718BD54-66DC-4B26-8C81-C19886ECCF09}.Release|x86.ActiveCfg = Release|Any CPU
		{1718BD54-66DC-4B26-8C81-C19886ECCF09}.Release|x86.Build.0 = Release|Any CPU
	EndGlobalSection
	GlobalSection(SolutionProperties) = preSolution
		HideSolutionNode = FALSE
	EndGlobalSection
	GlobalSection(NestedProjects) = preSolution
		{18C3FFA1-B32C-4153-A5EC-23615D121EAF} = {827E0CD3-B72D-47B6-A68D-7590B98EB39B}
		{7734DAC8-8911-4261-9560-6B217CF64CDA} = {827E0CD3-B72D-47B6-A68D-7590B98EB39B}
		{D61DCDF6-CD0C-4ECA-94BC-CD5B003EE0CE} = {827E0CD3-B72D-47B6-A68D-7590B98EB39B}
		{E038DC1F-9216-4999-B8A2-A43BBFE8FBA3} = {827E0CD3-B72D-47B6-A68D-7590B98EB39B}
		{49327A2A-28CA-4D93-BCF3-1C0E0E3F0A35} = {827E0CD3-B72D-47B6-A68D-7590B98EB39B}
		{202D3B55-3806-4FE7-926B-89B32C7FBDAC} = {827E0CD3-B72D-47B6-A68D-7590B98EB39B}
		{CADF4562-D1F5-4458-A2CE-81BD794B0FC9} = {0AB3BF05-4346-4AA6-1389-037BE0695223}
		{1718BD54-66DC-4B26-8C81-C19886ECCF09} = {0AB3BF05-4346-4AA6-1389-037BE0695223}
	EndGlobalSection
EndGlobal
